// !$*UTF8*$!
{
	archiveVersion = 1;
	classes = {
	};
	objectVersion = 48;
	objects = {

/* Begin PBXBuildFile section */
		239A7C4B201342D400C1A603 /* AppDelegate.swift in Sources */ = {isa = PBXBuildFile; fileRef = 239A7C4A201342D400C1A603 /* AppDelegate.swift */; };
		239A7C4D201342D400C1A603 /* LoginViewController.swift in Sources */ = {isa = PBXBuildFile; fileRef = 239A7C4C201342D400C1A603 /* LoginViewController.swift */; };
		239A7C50201342D400C1A603 /* Main.storyboard in Resources */ = {isa = PBXBuildFile; fileRef = 239A7C4E201342D400C1A603 /* Main.storyboard */; };
		239A7C52201342D400C1A603 /* Assets.xcassets in Resources */ = {isa = PBXBuildFile; fileRef = 239A7C51201342D400C1A603 /* Assets.xcassets */; };
		239A7C55201342D400C1A603 /* LaunchScreen.storyboard in Resources */ = {isa = PBXBuildFile; fileRef = 239A7C53201342D400C1A603 /* LaunchScreen.storyboard */; };
		239A7C60201342D400C1A603 /* test_3Tests.swift in Sources */ = {isa = PBXBuildFile; fileRef = 239A7C5F201342D400C1A603 /* test_3Tests.swift */; };
		239A7C6B201342D400C1A603 /* test_3UITests.swift in Sources */ = {isa = PBXBuildFile; fileRef = 239A7C6A201342D400C1A603 /* test_3UITests.swift */; };
		239A7C792013432E00C1A603 /* pexels-photo-268533.jpeg in Resources */ = {isa = PBXBuildFile; fileRef = 239A7C782013432E00C1A603 /* pexels-photo-268533.jpeg */; };
		239A7C7D201343F900C1A603 /* pexels-photo-312588.jpeg in Resources */ = {isa = PBXBuildFile; fileRef = 239A7C7C201343F900C1A603 /* pexels-photo-312588.jpeg */; };
		239A7C7F2013455000C1A603 /* blank.jpg in Resources */ = {isa = PBXBuildFile; fileRef = 239A7C7E2013454D00C1A603 /* blank.jpg */; };
		239A7C812013464400C1A603 /* heartbeatw.png in Resources */ = {isa = PBXBuildFile; fileRef = 239A7C802013464000C1A603 /* heartbeatw.png */; };
		239A7C832013D67800C1A603 /* DashboardViewController.swift in Sources */ = {isa = PBXBuildFile; fileRef = 239A7C822013D67800C1A603 /* DashboardViewController.swift */; };
		239A7C862013E2BD00C1A603 /* Symptoms view controller.swift in Sources */ = {isa = PBXBuildFile; fileRef = 239A7C842013E2B400C1A603 /* Symptoms view controller.swift */; };
		239A7C882013EAD900C1A603 /* history view controller.swift in Sources */ = {isa = PBXBuildFile; fileRef = 239A7C872013EAD900C1A603 /* history view controller.swift */; };
		239A7C8A2013EC5100C1A603 /* statsviewcontroller.swift in Sources */ = {isa = PBXBuildFile; fileRef = 239A7C892013EC5100C1A603 /* statsviewcontroller.swift */; };
/* End PBXBuildFile section */

/* Begin PBXContainerItemProxy section */
		239A7C5C201342D400C1A603 /* PBXContainerItemProxy */ = {
			isa = PBXContainerItemProxy;
			containerPortal = 239A7C3F201342D400C1A603 /* Project object */;
			proxyType = 1;
			remoteGlobalIDString = 239A7C46201342D400C1A603;
			remoteInfo = "test 3";
		};
		239A7C67201342D400C1A603 /* PBXContainerItemProxy */ = {
			isa = PBXContainerItemProxy;
			containerPortal = 239A7C3F201342D400C1A603 /* Project object */;
			proxyType = 1;
			remoteGlobalIDString = 239A7C46201342D400C1A603;
			remoteInfo = "test 3";
		};
/* End PBXContainerItemProxy section */

/* Begin PBXFileReference section */
		239A7C47201342D400C1A603 /* test 3.app */ = {isa = PBXFileReference; explicitFileType = wrapper.application; includeInIndex = 0; path = "test 3.app"; sourceTree = BUILT_PRODUCTS_DIR; };
		239A7C4A201342D400C1A603 /* AppDelegate.swift */ = {isa = PBXFileReference; lastKnownFileType = sourcecode.swift; path = AppDelegate.swift; sourceTree = "<group>"; };
		239A7C4C201342D400C1A603 /* LoginViewController.swift */ = {isa = PBXFileReference; lastKnownFileType = sourcecode.swift; path = LoginViewController.swift; sourceTree = "<group>"; };
		239A7C4F201342D400C1A603 /* Base */ = {isa = PBXFileReference; lastKnownFileType = file.storyboard; name = Base; path = Base.lproj/Main.storyboard; sourceTree = "<group>"; };
		239A7C51201342D400C1A603 /* Assets.xcassets */ = {isa = PBXFileReference; lastKnownFileType = folder.assetcatalog; path = Assets.xcassets; sourceTree = "<group>"; };
		239A7C54201342D400C1A603 /* Base */ = {isa = PBXFileReference; lastKnownFileType = file.storyboard; name = Base; path = Base.lproj/LaunchScreen.storyboard; sourceTree = "<group>"; };
		239A7C56201342D400C1A603 /* Info.plist */ = {isa = PBXFileReference; lastKnownFileType = text.plist.xml; path = Info.plist; sourceTree = "<group>"; };
		239A7C5B201342D400C1A603 /* test 3Tests.xctest */ = {isa = PBXFileReference; explicitFileType = wrapper.cfbundle; includeInIndex = 0; path = "test 3Tests.xctest"; sourceTree = BUILT_PRODUCTS_DIR; };
		239A7C5F201342D400C1A603 /* test_3Tests.swift */ = {isa = PBXFileReference; lastKnownFileType = sourcecode.swift; path = test_3Tests.swift; sourceTree = "<group>"; };
		239A7C61201342D400C1A603 /* Info.plist */ = {isa = PBXFileReference; lastKnownFileType = text.plist.xml; path = Info.plist; sourceTree = "<group>"; };
		239A7C66201342D400C1A603 /* test 3UITests.xctest */ = {isa = PBXFileReference; explicitFileType = wrapper.cfbundle; includeInIndex = 0; path = "test 3UITests.xctest"; sourceTree = BUILT_PRODUCTS_DIR; };
		239A7C6A201342D400C1A603 /* test_3UITests.swift */ = {isa = PBXFileReference; lastKnownFileType = sourcecode.swift; path = test_3UITests.swift; sourceTree = "<group>"; };
		239A7C6C201342D400C1A603 /* Info.plist */ = {isa = PBXFileReference; lastKnownFileType = text.plist.xml; path = Info.plist; sourceTree = "<group>"; };
		239A7C782013432E00C1A603 /* pexels-photo-268533.jpeg */ = {isa = PBXFileReference; lastKnownFileType = image.jpeg; name = "pexels-photo-268533.jpeg"; path = "../../Downloads/pexels-photo-268533.jpeg"; sourceTree = "<group>"; };
		239A7C7C201343F900C1A603 /* pexels-photo-312588.jpeg */ = {isa = PBXFileReference; lastKnownFileType = image.jpeg; name = "pexels-photo-312588.jpeg"; path = "../../Downloads/pexels-photo-312588.jpeg"; sourceTree = "<group>"; };
		239A7C7E2013454D00C1A603 /* blank.jpg */ = {isa = PBXFileReference; lastKnownFileType = image.jpeg; name = blank.jpg; path = ../../Downloads/blank.jpg; sourceTree = "<group>"; };
		239A7C802013464000C1A603 /* heartbeatw.png */ = {isa = PBXFileReference; lastKnownFileType = image.png; name = heartbeatw.png; path = ../../Downloads/heartbeatw.png; sourceTree = "<group>"; };
		239A7C822013D67800C1A603 /* DashboardViewController.swift */ = {isa = PBXFileReference; lastKnownFileType = sourcecode.swift; path = DashboardViewController.swift; sourceTree = "<group>"; };
		239A7C842013E2B400C1A603 /* Symptoms view controller.swift */ = {isa = PBXFileReference; lastKnownFileType = sourcecode.swift; path = "Symptoms view controller.swift"; sourceTree = "<group>"; };
		239A7C872013EAD900C1A603 /* history view controller.swift */ = {isa = PBXFileReference; lastKnownFileType = sourcecode.swift; path = "history view controller.swift"; sourceTree = "<group>"; };
		239A7C892013EC5100C1A603 /* statsviewcontroller.swift */ = {isa = PBXFileReference; lastKnownFileType = sourcecode.swift; path = statsviewcontroller.swift; sourceTree = "<group>"; };
/* End PBXFileReference section */

/* Begin PBXFrameworksBuildPhase section */
		239A7C44201342D400C1A603 /* Frameworks */ = {
			isa = PBXFrameworksBuildPhase;
			buildActionMask = 2147483647;
			files = (
			);
			runOnlyForDeploymentPostprocessing = 0;
		};
		239A7C58201342D400C1A603 /* Frameworks */ = {
			isa = PBXFrameworksBuildPhase;
			buildActionMask = 2147483647;
			files = (
			);
			runOnlyForDeploymentPostprocessing = 0;
		};
		239A7C63201342D400C1A603 /* Frameworks */ = {
			isa = PBXFrameworksBuildPhase;
			buildActionMask = 2147483647;
			files = (
			);
			runOnlyForDeploymentPostprocessing = 0;
		};
/* End PBXFrameworksBuildPhase section */

/* Begin PBXGroup section */
		239A7C3E201342D400C1A603 = {
			isa = PBXGroup;
			children = (
				239A7C49201342D400C1A603 /* test 3 */,
				239A7C5E201342D400C1A603 /* test 3Tests */,
				239A7C69201342D400C1A603 /* test 3UITests */,
				239A7C48201342D400C1A603 /* Products */,
				239A7C782013432E00C1A603 /* pexels-photo-268533.jpeg */,
				239A7C7C201343F900C1A603 /* pexels-photo-312588.jpeg */,
				239A7C7E2013454D00C1A603 /* blank.jpg */,
				239A7C802013464000C1A603 /* heartbeatw.png */,
			);
			sourceTree = "<group>";
		};
		239A7C48201342D400C1A603 /* Products */ = {
			isa = PBXGroup;
			children = (
				239A7C47201342D400C1A603 /* test 3.app */,
				239A7C5B201342D400C1A603 /* test 3Tests.xctest */,
				239A7C66201342D400C1A603 /* test 3UITests.xctest */,
			);
			name = Products;
			sourceTree = "<group>";
		};
		239A7C49201342D400C1A603 /* test 3 */ = {
			isa = PBXGroup;
			children = (
				239A7C4A201342D400C1A603 /* AppDelegate.swift */,
				239A7C4C201342D400C1A603 /* LoginViewController.swift */,
				239A7C4E201342D400C1A603 /* Main.storyboard */,
				239A7C51201342D400C1A603 /* Assets.xcassets */,
				239A7C53201342D400C1A603 /* LaunchScreen.storyboard */,
				239A7C56201342D400C1A603 /* Info.plist */,
				239A7C822013D67800C1A603 /* DashboardViewController.swift */,
				239A7C842013E2B400C1A603 /* Symptoms view controller.swift */,
				239A7C872013EAD900C1A603 /* history view controller.swift */,
				239A7C892013EC5100C1A603 /* statsviewcontroller.swift */,
			);
			path = "test 3";
			sourceTree = "<group>";
		};
		239A7C5E201342D400C1A603 /* test 3Tests */ = {
			isa = PBXGroup;
			children = (
				239A7C5F201342D400C1A603 /* test_3Tests.swift */,
				239A7C61201342D400C1A603 /* Info.plist */,
			);
			path = "test 3Tests";
			sourceTree = "<group>";
		};
		239A7C69201342D400C1A603 /* test 3UITests */ = {
			isa = PBXGroup;
			children = (
				239A7C6A201342D400C1A603 /* test_3UITests.swift */,
				239A7C6C201342D400C1A603 /* Info.plist */,
			);
			path = "test 3UITests";
			sourceTree = "<group>";
		};
/* End PBXGroup section */

/* Begin PBXNativeTarget section */
		239A7C46201342D400C1A603 /* test 3 */ = {
			isa = PBXNativeTarget;
			buildConfigurationList = 239A7C6F201342D400C1A603 /* Build configuration list for PBXNativeTarget "test 3" */;
			buildPhases = (
				239A7C43201342D400C1A603 /* Sources */,
				239A7C44201342D400C1A603 /* Frameworks */,
				239A7C45201342D400C1A603 /* Resources */,
			);
			buildRules = (
			);
			dependencies = (
			);
			name = "test 3";
			productName = "test 3";
			productReference = 239A7C47201342D400C1A603 /* test 3.app */;
			productType = "com.apple.product-type.application";
		};
		239A7C5A201342D400C1A603 /* test 3Tests */ = {
			isa = PBXNativeTarget;
			buildConfigurationList = 239A7C72201342D400C1A603 /* Build configuration list for PBXNativeTarget "test 3Tests" */;
			buildPhases = (
				239A7C57201342D400C1A603 /* Sources */,
				239A7C58201342D400C1A603 /* Frameworks */,
				239A7C59201342D400C1A603 /* Resources */,
			);
			buildRules = (
			);
			dependencies = (
				239A7C5D201342D400C1A603 /* PBXTargetDependency */,
			);
			name = "test 3Tests";
			productName = "test 3Tests";
			productReference = 239A7C5B201342D400C1A603 /* test 3Tests.xctest */;
			productType = "com.apple.product-type.bundle.unit-test";
		};
		239A7C65201342D400C1A603 /* test 3UITests */ = {
			isa = PBXNativeTarget;
			buildConfigurationList = 239A7C75201342D400C1A603 /* Build configuration list for PBXNativeTarget "test 3UITests" */;
			buildPhases = (
				239A7C62201342D400C1A603 /* Sources */,
				239A7C63201342D400C1A603 /* Frameworks */,
				239A7C64201342D400C1A603 /* Resources */,
			);
			buildRules = (
			);
			dependencies = (
				239A7C68201342D400C1A603 /* PBXTargetDependency */,
			);
			name = "test 3UITests";
			productName = "test 3UITests";
			productReference = 239A7C66201342D400C1A603 /* test 3UITests.xctest */;
			productType = "com.apple.product-type.bundle.ui-testing";
		};
/* End PBXNativeTarget section */

/* Begin PBXProject section */
		239A7C3F201342D400C1A603 /* Project object */ = {
			isa = PBXProject;
			attributes = {
				LastSwiftUpdateCheck = 0920;
				LastUpgradeCheck = 0920;
				ORGANIZATIONNAME = "Sabrina Rodriguez";
				TargetAttributes = {
					239A7C46201342D400C1A603 = {
						CreatedOnToolsVersion = 9.2;
						ProvisioningStyle = Automatic;
					};
					239A7C5A201342D400C1A603 = {
						CreatedOnToolsVersion = 9.2;
						ProvisioningStyle = Automatic;
						TestTargetID = 239A7C46201342D400C1A603;
					};
					239A7C65201342D400C1A603 = {
						CreatedOnToolsVersion = 9.2;
						ProvisioningStyle = Automatic;
						TestTargetID = 239A7C46201342D400C1A603;
					};
				};
			};
			buildConfigurationList = 239A7C42201342D400C1A603 /* Build configuration list for PBXProject "test 3" */;
			compatibilityVersion = "Xcode 8.0";
			developmentRegion = en;
			hasScannedForEncodings = 0;
			knownRegions = (
				en,
				Base,
			);
			mainGroup = 239A7C3E201342D400C1A603;
			productRefGroup = 239A7C48201342D400C1A603 /* Products */;
			projectDirPath = "";
			projectRoot = "";
			targets = (
				239A7C46201342D400C1A603 /* test 3 */,
				239A7C5A201342D400C1A603 /* test 3Tests */,
				239A7C65201342D400C1A603 /* test 3UITests */,
			);
		};
/* End PBXProject section */

/* Begin PBXResourcesBuildPhase section */
		239A7C45201342D400C1A603 /* Resources */ = {
			isa = PBXResourcesBuildPhase;
			buildActionMask = 2147483647;
			files = (
				239A7C812013464400C1A603 /* heartbeatw.png in Resources */,
				239A7C792013432E00C1A603 /* pexels-photo-268533.jpeg in Resources */,
				239A7C55201342D400C1A603 /* LaunchScreen.storyboard in Resources */,
				239A7C7F2013455000C1A603 /* blank.jpg in Resources */,
				239A7C7D201343F900C1A603 /* pexels-photo-312588.jpeg in Resources */,
				239A7C52201342D400C1A603 /* Assets.xcassets in Resources */,
				239A7C50201342D400C1A603 /* Main.storyboard in Resources */,
			);
			runOnlyForDeploymentPostprocessing = 0;
		};
		239A7C59201342D400C1A603 /* Resources */ = {
			isa = PBXResourcesBuildPhase;
			buildActionMask = 2147483647;
			files = (
			);
			runOnlyForDeploymentPostprocessing = 0;
		};
		239A7C64201342D400C1A603 /* Resources */ = {
			isa = PBXResourcesBuildPhase;
			buildActionMask = 2147483647;
			files = (
			);
			runOnlyForDeploymentPostprocessing = 0;
		};
/* End PBXResourcesBuildPhase section */

/* Begin PBXSourcesBuildPhase section */
		239A7C43201342D400C1A603 /* Sources */ = {
			isa = PBXSourcesBuildPhase;
			buildActionMask = 2147483647;
			files = (
				239A7C862013E2BD00C1A603 /* Symptoms view controller.swift in Sources */,
				239A7C882013EAD900C1A603 /* history view controller.swift in Sources */,
				239A7C4D201342D400C1A603 /* LoginViewController.swift in Sources */,
				239A7C832013D67800C1A603 /* DashboardViewController.swift in Sources */,
				239A7C8A2013EC5100C1A603 /* statsviewcontroller.swift in Sources */,
				239A7C4B201342D400C1A603 /* AppDelegate.swift in Sources */,
			);
			runOnlyForDeploymentPostprocessing = 0;
		};
		239A7C57201342D400C1A603 /* Sources */ = {
			isa = PBXSourcesBuildPhase;
			buildActionMask = 2147483647;
			files = (
				239A7C60201342D400C1A603 /* test_3Tests.swift in Sources */,
			);
			runOnlyForDeploymentPostprocessing = 0;
		};
		239A7C62201342D400C1A603 /* Sources */ = {
			isa = PBXSourcesBuildPhase;
			buildActionMask = 2147483647;
			files = (
				239A7C6B201342D400C1A603 /* test_3UITests.swift in Sources */,
			);
			runOnlyForDeploymentPostprocessing = 0;
		};
/* End PBXSourcesBuildPhase section */

/* Begin PBXTargetDependency section */
		239A7C5D201342D400C1A603 /* PBXTargetDependency */ = {
			isa = PBXTargetDependency;
			target = 239A7C46201342D400C1A603 /* test 3 */;
			targetProxy = 239A7C5C201342D400C1A603 /* PBXContainerItemProxy */;
		};
		239A7C68201342D400C1A603 /* PBXTargetDependency */ = {
			isa = PBXTargetDependency;
			target = 239A7C46201342D400C1A603 /* test 3 */;
			targetProxy = 239A7C67201342D400C1A603 /* PBXContainerItemProxy */;
		};
/* End PBXTargetDependency section */

/* Begin PBXVariantGroup section */
		239A7C4E201342D400C1A603 /* Main.storyboard */ = {
			isa = PBXVariantGroup;
			children = (
				239A7C4F201342D400C1A603 /* Base */,
			);
			name = Main.storyboard;
			sourceTree = "<group>";
		};
		239A7C53201342D400C1A603 /* LaunchScreen.storyboard */ = {
			isa = PBXVariantGroup;
			children = (
				239A7C54201342D400C1A603 /* Base */,
			);
			name = LaunchScreen.storyboard;
			sourceTree = "<group>";
		};
/* End PBXVariantGroup section */

/* Begin XCBuildConfiguration section */
		239A7C6D201342D400C1A603 /* Debug */ = {
			isa = XCBuildConfiguration;
			buildSettings = {
				ALWAYS_SEARCH_USER_PATHS = NO;
				CLANG_ANALYZER_NONNULL = YES;
				CLANG_ANALYZER_NUMBER_OBJECT_CONVERSION = YES_AGGRESSIVE;
				CLANG_CXX_LANGUAGE_STANDARD = "gnu++14";
				CLANG_CXX_LIBRARY = "libc++";
				CLANG_ENABLE_MODULES = YES;
				CLANG_ENABLE_OBJC_ARC = YES;
				CLANG_WARN_BLOCK_CAPTURE_AUTORELEASING = YES;
				CLANG_WARN_BOOL_CONVERSION = YES;
				CLANG_WARN_COMMA = YES;
				CLANG_WARN_CONSTANT_CONVERSION = YES;
				CLANG_WARN_DIRECT_OBJC_ISA_USAGE = YES_ERROR;
				CLANG_WARN_DOCUMENTATION_COMMENTS = YES;
				CLANG_WARN_EMPTY_BODY = YES;
				CLANG_WARN_ENUM_CONVERSION = YES;
				CLANG_WARN_INFINITE_RECURSION = YES;
				CLANG_WARN_INT_CONVERSION = YES;
				CLANG_WARN_NON_LITERAL_NULL_CONVERSION = YES;
				CLANG_WARN_OBJC_LITERAL_CONVERSION = YES;
				CLANG_WARN_OBJC_ROOT_CLASS = YES_ERROR;
				CLANG_WARN_RANGE_LOOP_ANALYSIS = YES;
				CLANG_WARN_STRICT_PROTOTYPES = YES;
				CLANG_WARN_SUSPICIOUS_MOVE = YES;
				CLANG_WARN_UNGUARDED_AVAILABILITY = YES_AGGRESSIVE;
				CLANG_WARN_UNREACHABLE_CODE = YES;
				CLANG_WARN__DUPLICATE_METHOD_MATCH = YES;
				CODE_SIGN_IDENTITY = "iPhone Developer";
				COPY_PHASE_STRIP = NO;
				DEBUG_INFORMATION_FORMAT = dwarf;
				ENABLE_STRICT_OBJC_MSGSEND = YES;
				ENABLE_TESTABILITY = YES;
				GCC_C_LANGUAGE_STANDARD = gnu11;
				GCC_DYNAMIC_NO_PIC = NO;
				GCC_NO_COMMON_BLOCKS = YES;
				GCC_OPTIMIZATION_LEVEL = 0;
				GCC_PREPROCESSOR_DEFINITIONS = (
					"DEBUG=1",
					"$(inherited)",
				);
				GCC_WARN_64_TO_32_BIT_CONVERSION = YES;
				GCC_WARN_ABOUT_RETURN_TYPE = YES_ERROR;
				GCC_WARN_UNDECLARED_SELECTOR = YES;
				GCC_WARN_UNINITIALIZED_AUTOS = YES_AGGRESSIVE;
				GCC_WARN_UNUSED_FUNCTION = YES;
				GCC_WARN_UNUSED_VARIABLE = YES;
				IPHONEOS_DEPLOYMENT_TARGET = 11.2;
				MTL_ENABLE_DEBUG_INFO = YES;
				ONLY_ACTIVE_ARCH = YES;
				SDKROOT = iphoneos;
				SWIFT_ACTIVE_COMPILATION_CONDITIONS = DEBUG;
				SWIFT_OPTIMIZATION_LEVEL = "-Onone";
			};
			name = Debug;
		};
		239A7C6E201342D400C1A603 /* Release */ = {
			isa = XCBuildConfiguration;
			buildSettings = {
				ALWAYS_SEARCH_USER_PATHS = NO;
				CLANG_ANALYZER_NONNULL = YES;
				CLANG_ANALYZER_NUMBER_OBJECT_CONVERSION = YES_AGGRESSIVE;
				CLANG_CXX_LANGUAGE_STANDARD = "gnu++14";
				CLANG_CXX_LIBRARY = "libc++";
				CLANG_ENABLE_MODULES = YES;
				CLANG_ENABLE_OBJC_ARC = YES;
				CLANG_WARN_BLOCK_CAPTURE_AUTORELEASING = YES;
				CLANG_WARN_BOOL_CONVERSION = YES;
				CLANG_WARN_COMMA = YES;
				CLANG_WARN_CONSTANT_CONVERSION = YES;
				CLANG_WARN_DIRECT_OBJC_ISA_USAGE = YES_ERROR;
				CLANG_WARN_DOCUMENTATION_COMMENTS = YES;
				CLANG_WARN_EMPTY_BODY = YES;
				CLANG_WARN_ENUM_CONVERSION = YES;
				CLANG_WARN_INFINITE_RECURSION = YES;
				CLANG_WARN_INT_CONVERSION = YES;
				CLANG_WARN_NON_LITERAL_NULL_CONVERSION = YES;
				CLANG_WARN_OBJC_LITERAL_CONVERSION = YES;
				CLANG_WARN_OBJC_ROOT_CLASS = YES_ERROR;
				CLANG_WARN_RANGE_LOOP_ANALYSIS = YES;
				CLANG_WARN_STRICT_PROTOTYPES = YES;
				CLANG_WARN_SUSPICIOUS_MOVE = YES;
				CLANG_WARN_UNGUARDED_AVAILABILITY = YES_AGGRESSIVE;
				CLANG_WARN_UNREACHABLE_CODE = YES;
				CLANG_WARN__DUPLICATE_METHOD_MATCH = YES;
				CODE_SIGN_IDENTITY = "iPhone Developer";
				COPY_PHASE_STRIP = NO;
				DEBUG_INFORMATION_FORMAT = "dwarf-with-dsym";
				ENABLE_NS_ASSERTIONS = NO;
				ENABLE_STRICT_OBJC_MSGSEND = YES;
				GCC_C_LANGUAGE_STANDARD = gnu11;
				GCC_NO_COMMON_BLOCKS = YES;
				GCC_WARN_64_TO_32_BIT_CONVERSION = YES;
				GCC_WARN_ABOUT_RETURN_TYPE = YES_ERROR;
				GCC_WARN_UNDECLARED_SELECTOR = YES;
				GCC_WARN_UNINITIALIZED_AUTOS = YES_AGGRESSIVE;
				GCC_WARN_UNUSED_FUNCTION = YES;
				GCC_WARN_UNUSED_VARIABLE = YES;
				IPHONEOS_DEPLOYMENT_TARGET = 11.2;
				MTL_ENABLE_DEBUG_INFO = NO;
				SDKROOT = iphoneos;
				SWIFT_OPTIMIZATION_LEVEL = "-Owholemodule";
				VALIDATE_PRODUCT = YES;
			};
			name = Release;
		};
		239A7C70201342D400C1A603 /* Debug */ = {
			isa = XCBuildConfiguration;
			buildSettings = {
				ASSETCATALOG_COMPILER_APPICON_NAME = AppIcon;
				CODE_SIGN_STYLE = Automatic;
				INFOPLIST_FILE = "test 3/Info.plist";
				LD_RUNPATH_SEARCH_PATHS = "$(inherited) @executable_path/Frameworks";
				PRODUCT_BUNDLE_IDENTIFIER = "com.example.test-3";
				PRODUCT_NAME = "$(TARGET_NAME)";
				SWIFT_VERSION = 4.0;
				TARGETED_DEVICE_FAMILY = "1,2";
			};
			name = Debug;
		};
		239A7C71201342D400C1A603 /* Release */ = {
			isa = XCBuildConfiguration;
			buildSettings = {
				ASSETCATALOG_COMPILER_APPICON_NAME = AppIcon;
				CODE_SIGN_STYLE = Automatic;
				INFOPLIST_FILE = "test 3/Info.plist";
				LD_RUNPATH_SEARCH_PATHS = "$(inherited) @executable_path/Frameworks";
				PRODUCT_BUNDLE_IDENTIFIER = "com.example.test-3";
				PRODUCT_NAME = "$(TARGET_NAME)";
				SWIFT_VERSION = 4.0;
				TARGETED_DEVICE_FAMILY = "1,2";
			};
			name = Release;
		};
		239A7C73201342D400C1A603 /* Debug */ = {
			isa = XCBuildConfiguration;
			buildSettings = {
				ALWAYS_EMBED_SWIFT_STANDARD_LIBRARIES = YES;
				BUNDLE_LOADER = "$(TEST_HOST)";
				CODE_SIGN_STYLE = Automatic;
				INFOPLIST_FILE = "test 3Tests/Info.plist";
				LD_RUNPATH_SEARCH_PATHS = "$(inherited) @executable_path/Frameworks @loader_path/Frameworks";
				PRODUCT_BUNDLE_IDENTIFIER = "com.example.test-3Tests";
				PRODUCT_NAME = "$(TARGET_NAME)";
				SWIFT_VERSION = 4.0;
				TARGETED_DEVICE_FAMILY = "1,2";
				TEST_HOST = "$(BUILT_PRODUCTS_DIR)/test 3.app/test 3";
			};
			name = Debug;
		};
		239A7C74201342D400C1A603 /* Release */ = {
			isa = XCBuildConfiguration;
			buildSettings = {
				ALWAYS_EMBED_SWIFT_STANDARD_LIBRARIES = YES;
				BUNDLE_LOADER = "$(TEST_HOST)";
				CODE_SIGN_STYLE = Automatic;
				INFOPLIST_FILE = "test 3Tests/Info.plist";
				LD_RUNPATH_SEARCH_PATHS = "$(inherited) @executable_path/Frameworks @loader_path/Frameworks";
				PRODUCT_BUNDLE_IDENTIFIER = "com.example.test-3Tests";
				PRODUCT_NAME = "$(TARGET_NAME)";
				SWIFT_VERSION = 4.0;
				TARGETED_DEVICE_FAMILY = "1,2";
				TEST_HOST = "$(BUILT_PRODUCTS_DIR)/test 3.app/test 3";
			};
			name = Release;
		};
		239A7C76201342D400C1A603 /* Debug */ = {
			isa = XCBuildConfiguration;
			buildSettings = {
				ALWAYS_EMBED_SWIFT_STANDARD_LIBRARIES = YES;
				CODE_SIGN_STYLE = Automatic;
				INFOPLIST_FILE = "test 3UITests/Info.plist";
				LD_RUNPATH_SEARCH_PATHS = "$(inherited) @executable_path/Frameworks @loader_path/Frameworks";
				PRODUCT_BUNDLE_IDENTIFIER = "com.example.test-3UITests";
				PRODUCT_NAME = "$(TARGET_NAME)";
				SWIFT_VERSION = 4.0;
				TARGETED_DEVICE_FAMILY = "1,2";
				TEST_TARGET_NAME = "test 3";
			};
			name = Debug;
		};
		239A7C77201342D400C1A603 /* Release */ = {
			isa = XCBuildConfiguration;
			buildSettings = {
				ALWAYS_EMBED_SWIFT_STANDARD_LIBRARIES = YES;
				CODE_SIGN_STYLE = Automatic;
				INFOPLIST_FILE = "test 3UITests/Info.plist";
				LD_RUNPATH_SEARCH_PATHS = "$(inherited) @executable_path/Frameworks @loader_path/Frameworks";
				PRODUCT_BUNDLE_IDENTIFIER = "com.example.test-3UITests";
				PRODUCT_NAME = "$(TARGET_NAME)";
				SWIFT_VERSION = 4.0;
				TARGETED_DEVICE_FAMILY = "1,2";
				TEST_TARGET_NAME = "test 3";
			};
			name = Release;
		};
/* End XCBuildConfiguration section */

/* Begin XCConfigurationList section */
		239A7C42201342D400C1A603 /* Build configuration list for PBXProject "test 3" */ = {
			isa = XCConfigurationList;
			buildConfigurations = (
				239A7C6D201342D400C1A603 /* Debug */,
				239A7C6E201342D400C1A603 /* Release */,
			);
			defaultConfigurationIsVisible = 0;
			defaultConfigurationName = Release;
		};
		239A7C6F201342D400C1A603 /* Build configuration list for PBXNativeTarget "test 3" */ = {
			isa = XCConfigurationList;
			buildConfigurations = (
				239A7C70201342D400C1A603 /* Debug */,
				239A7C71201342D400C1A603 /* Release */,
			);
			defaultConfigurationIsVisible = 0;
			defaultConfigurationName = Release;
		};
		239A7C72201342D400C1A603 /* Build configuration list for PBXNativeTarget "test 3Tests" */ = {
			isa = XCConfigurationList;
			buildConfigurations = (
				239A7C73201342D400C1A603 /* Debug */,
				239A7C74201342D400C1A603 /* Release */,
			);
			defaultConfigurationIsVisible = 0;
			defaultConfigurationName = Release;
		};
		239A7C75201342D400C1A603 /* Build configuration list for PBXNativeTarget "test 3UITests" */ = {
			isa = XCConfigurationList;
			buildConfigurations = (
				239A7C76201342D400C1A603 /* Debug */,
				239A7C77201342D400C1A603 /* Release */,
			);
			defaultConfigurationIsVisible = 0;
			defaultConfigurationName = Release;
		};
/* End XCConfigurationList section */
	};
	rootObject = 239A7C3F201342D400C1A603 /* Project object */;
}
